
Microsoft Visual Studio Solution File, Format Version 12.00
# Visual Studio Version 16
VisualStudioVersion = 16.0.31729.503
MinimumVisualStudioVersion = 10.0.40219.1
Project("{FAE04EC0-301F-11D3-BF4B-00C04F79EFBC}") = "tuan4_DOCHIHAI", "tuan4_DOCHIHAI\tuan4_DOCHIHAI.csproj", "{70BC903D-45EB-41D5-BFCD-07D281AAA385}"
EndProject
Global
	GlobalSection(SolutionConfigurationPlatforms) = preSolution
		Debug|Any CPU = Debug|Any CPU
		Release|Any CPU = Release|Any CPU
	EndGlobalSection
	GlobalSection(ProjectConfigurationPlatforms) = postSolution
		{70BC903D-45EB-41D5-BFCD-07D281AAA385}.Debug|Any CPU.ActiveCfg = Debug|Any CPU
		{70BC903D-45EB-41D5-BFCD-07D281AAA385}.Debug|Any CPU.Build.0 = Debug|Any CPU
		{70BC903D-45EB-41D5-BFCD-07D281AAA385}.Release|Any CPU.ActiveCfg = Release|Any CPU
		{70BC903D-45EB-41D5-BFCD-07D281AAA385}.Release|Any CPU.Build.0 = Release|Any CPU
	EndGlobalSection
	GlobalSection(SolutionProperties) = preSolution
		HideSolutionNode = FALSE
	EndGlobalSection
	GlobalSection(ExtensibilityGlobals) = postSolution
		SolutionGuid = {BD82EB29-9E25-4921-88F7-CA3930C981FA}
	EndGlobalSection
EndGlobal
